
Microsoft Visual Studio Solution File, Format Version 12.00
# Visual Studio 15
VisualStudioVersion = 15.0.27703.2042
MinimumVisualStudioVersion = 10.0.40219.1
Project("{FAE04EC0-301F-11D3-BF4B-00C04F79EFBC}") = "DataAPIGeneratorTemplate", "DataAPIGeneratorTemplate\DataAPIGeneratorTemplate.csproj", "{B49CF76C-9EEB-4F38-BC15-244974C9B050}"
EndProject
Project("{FAE04EC0-301F-11D3-BF4B-00C04F79EFBC}") = "ModelAndMapperGenerator", "ModelAndMapperGenerator\ModelAndMapperGenerator.csproj", "{373BFBFE-3757-41E5-89ED-11911E773361}"
EndProject
Global
	GlobalSection(SolutionConfigurationPlatforms) = preSolution
		Debug|Any CPU = Debug|Any CPU
		Release|Any CPU = Release|Any CPU
	EndGlobalSection
	GlobalSection(ProjectConfigurationPlatforms) = postSolution
		{B49CF76C-9EEB-4F38-BC15-244974C9B050}.Debug|Any CPU.ActiveCfg = Debug|Any CPU
		{B49CF76C-9EEB-4F38-BC15-244974C9B050}.Debug|Any CPU.Build.0 = Debug|Any CPU
		{B49CF76C-9EEB-4F38-BC15-244974C9B050}.Release|Any CPU.ActiveCfg = Release|Any CPU
		{B49CF76C-9EEB-4F38-BC15-244974C9B050}.Release|Any CPU.Build.0 = Release|Any CPU
		{373BFBFE-3757-41E5-89ED-11911E773361}.Debug|Any CPU.ActiveCfg = Debug|Any CPU
		{373BFBFE-3757-41E5-89ED-11911E773361}.Debug|Any CPU.Build.0 = Debug|Any CPU
		{373BFBFE-3757-41E5-89ED-11911E773361}.Release|Any CPU.ActiveCfg = Release|Any CPU
		{373BFBFE-3757-41E5-89ED-11911E773361}.Release|Any CPU.Build.0 = Release|Any CPU
	EndGlobalSection
	GlobalSection(SolutionProperties) = preSolution
		HideSolutionNode = FALSE
	EndGlobalSection
	GlobalSection(ExtensibilityGlobals) = postSolution
		SolutionGuid = {75B5D888-A11E-4BB4-B00B-AA74F5286AEA}
	EndGlobalSection
EndGlobal
